// !$*UTF8*$!
{
	archiveVersion = 1;
	classes = {
	};
	objectVersion = 46;
	objects = {

/* Begin PBXBuildFile section */
		18538F5C1C86C31B0092942F /* main.m in Sources */ = {isa = PBXBuildFile; fileRef = 18538F5B1C86C31B0092942F /* main.m */; };
		18538F5F1C86C31B0092942F /* AppDelegate.m in Sources */ = {isa = PBXBuildFile; fileRef = 18538F5E1C86C31B0092942F /* AppDelegate.m */; };
		18538F621C86C31B0092942F /* ViewController.m in Sources */ = {isa = PBXBuildFile; fileRef = 18538F611C86C31B0092942F /* ViewController.m */; };
		18538F651C86C31B0092942F /* Main.storyboard in Resources */ = {isa = PBXBuildFile; fileRef = 18538F631C86C31B0092942F /* Main.storyboard */; };
		18538F681C86C31B0092942F /* RIVALS.xcdatamodeld in Sources */ = {isa = PBXBuildFile; fileRef = 18538F661C86C31B0092942F /* RIVALS.xcdatamodeld */; };
		18538F6A1C86C31B0092942F /* Assets.xcassets in Resources */ = {isa = PBXBuildFile; fileRef = 18538F691C86C31B0092942F /* Assets.xcassets */; };
		18538F6D1C86C31B0092942F /* LaunchScreen.storyboard in Resources */ = {isa = PBXBuildFile; fileRef = 18538F6B1C86C31B0092942F /* LaunchScreen.storyboard */; };
/* End PBXBuildFile section */

/* Begin PBXFileReference section */
		18538F571C86C31B0092942F /* RIVALS.app */ = {isa = PBXFileReference; explicitFileType = wrapper.application; includeInIndex = 0; path = RIVALS.app; sourceTree = BUILT_PRODUCTS_DIR; };
		18538F5B1C86C31B0092942F /* main.m */ = {isa = PBXFileReference; lastKnownFileType = sourcecode.c.objc; path = main.m; sourceTree = "<group>"; };
		18538F5D1C86C31B0092942F /* AppDelegate.h */ = {isa = PBXFileReference; lastKnownFileType = sourcecode.c.h; path = AppDelegate.h; sourceTree = "<group>"; };
		18538F5E1C86C31B0092942F /* AppDelegate.m */ = {isa = PBXFileReference; lastKnownFileType = sourcecode.c.objc; path = AppDelegate.m; sourceTree = "<group>"; };
		18538F601C86C31B0092942F /* ViewController.h */ = {isa = PBXFileReference; lastKnownFileType = sourcecode.c.h; path = ViewController.h; sourceTree = "<group>"; };
		18538F611C86C31B0092942F /* ViewController.m */ = {isa = PBXFileReference; lastKnownFileType = sourcecode.c.objc; path = ViewController.m; sourceTree = "<group>"; };
		18538F641C86C31B0092942F /* Base */ = {isa = PBXFileReference; lastKnownFileType = file.storyboard; name = Base; path = Base.lproj/Main.storyboard; sourceTree = "<group>"; };
		18538F671C86C31B0092942F /* RIVALS.xcdatamodel */ = {isa = PBXFileReference; lastKnownFileType = wrapper.xcdatamodel; path = RIVALS.xcdatamodel; sourceTree = "<group>"; };
		18538F691C86C31B0092942F /* Assets.xcassets */ = {isa = PBXFileReference; lastKnownFileType = folder.assetcatalog; path = Assets.xcassets; sourceTree = "<group>"; };
		18538F6C1C86C31B0092942F /* Base */ = {isa = PBXFileReference; lastKnownFileType = file.storyboard; name = Base; path = Base.lproj/LaunchScreen.storyboard; sourceTree = "<group>"; };
		18538F6E1C86C31B0092942F /* Info.plist */ = {isa = PBXFileReference; lastKnownFileType = text.plist.xml; path = Info.plist; sourceTree = "<group>"; };
/* End PBXFileReference section */

/* Begin PBXFrameworksBuildPhase section */
		18538F541C86C31B0092942F /* Frameworks */ = {
			isa = PBXFrameworksBuildPhase;
			buildActionMask = 2147483647;
			files = (
			);
			runOnlyForDeploymentPostprocessing = 0;
		};
/* End PBXFrameworksBuildPhase section */

/* Begin PBXGroup section */
		18538F4E1C86C31B0092942F = {
			isa = PBXGroup;
			children = (
				18538F591C86C31B0092942F /* RIVALS */,
				18538F581C86C31B0092942F /* Products */,
			);
			sourceTree = "<group>";
		};
		18538F581C86C31B0092942F /* Products */ = {
			isa = PBXGroup;
			children = (
				18538F571C86C31B0092942F /* RIVALS.app */,
			);
			name = Products;
			sourceTree = "<group>";
		};
		18538F591C86C31B0092942F /* RIVALS */ = {
			isa = PBXGroup;
			children = (
				18538F5D1C86C31B0092942F /* AppDelegate.h */,
				18538F5E1C86C31B0092942F /* AppDelegate.m */,
				18538F601C86C31B0092942F /* ViewController.h */,
				18538F611C86C31B0092942F /* ViewController.m */,
				18538F631C86C31B0092942F /* Main.storyboard */,
				18538F691C86C31B0092942F /* Assets.xcassets */,
				18538F6B1C86C31B0092942F /* LaunchScreen.storyboard */,
				18538F6E1C86C31B0092942F /* Info.plist */,
				18538F661C86C31B0092942F /* RIVALS.xcdatamodeld */,
				18538F5A1C86C31B0092942F /* Supporting Files */,
			);
			path = RIVALS;
			sourceTree = "<group>";
		};
		18538F5A1C86C31B0092942F /* Supporting Files */ = {
			isa = PBXGroup;
			children = (
				18538F5B1C86C31B0092942F /* main.m */,
			);
			name = "Supporting Files";
			sourceTree = "<group>";
		};
/* End PBXGroup section */

/* Begin PBXNativeTarget section */
		18538F561C86C31B0092942F /* RIVALS */ = {
			isa = PBXNativeTarget;
			buildConfigurationList = 18538F711C86C31B0092942F /* Build configuration list for PBXNativeTarget "RIVALS" */;
			buildPhases = (
				18538F531C86C31B0092942F /* Sources */,
				18538F541C86C31B0092942F /* Frameworks */,
				18538F551C86C31B0092942F /* Resources */,
			);
			buildRules = (
			);
			dependencies = (
			);
			name = RIVALS;
			productName = RIVALS;
			productReference = 18538F571C86C31B0092942F /* RIVALS.app */;
			productType = "com.apple.product-type.application";
		};
/* End PBXNativeTarget section */

/* Begin PBXProject section */
		18538F4F1C86C31B0092942F /* Project object */ = {
			isa = PBXProject;
			attributes = {
				LastUpgradeCheck = 0710;
				ORGANIZATIONNAME = "Sanjay Kumar";
				TargetAttributes = {
					18538F561C86C31B0092942F = {
						CreatedOnToolsVersion = 7.1;
					};
				};
			};
			buildConfigurationList = 18538F521C86C31B0092942F /* Build configuration list for PBXProject "RIVALS" */;
			compatibilityVersion = "Xcode 3.2";
			developmentRegion = English;
			hasScannedForEncodings = 0;
			knownRegions = (
				en,
				Base,
			);
			mainGroup = 18538F4E1C86C31B0092942F;
			productRefGroup = 18538F581C86C31B0092942F /* Products */;
			projectDirPath = "";
			projectRoot = "";
			targets = (
				18538F561C86C31B0092942F /* RIVALS */,
			);
		};
/* End PBXProject section */

/* Begin PBXResourcesBuildPhase section */
		18538F551C86C31B0092942F /* Resources */ = {
			isa = PBXResourcesBuildPhase;
			buildActionMask = 2147483647;
			files = (
				18538F6D1C86C31B0092942F /* LaunchScreen.storyboard in Resources */,
				18538F6A1C86C31B0092942F /* Assets.xcassets in Resources */,
				18538F651C86C31B0092942F /* Main.storyboard in Resources */,
			);
			runOnlyForDeploymentPostprocessing = 0;
		};
/* End PBXResourcesBuildPhase section */

/* Begin PBXSourcesBuildPhase section */
		18538F531C86C31B0092942F /* Sources */ = {
			isa = PBXSourcesBuildPhase;
			buildActionMask = 2147483647;
			files = (
				18538F681C86C31B0092942F /* RIVALS.xcdatamodeld in Sources */,
				18538F621C86C31B0092942F /* ViewController.m in Sources */,
				18538F5F1C86C31B0092942F /* AppDelegate.m in Sources */,
				18538F5C1C86C31B0092942F /* main.m in Sources */,
			);
			runOnlyForDeploymentPostprocessing = 0;
		};
/* End PBXSourcesBuildPhase section */

/* Begin PBXVariantGroup section */
		18538F631C86C31B0092942F /* Main.storyboard */ = {
			isa = PBXVariantGroup;
			children = (
				18538F641C86C31B0092942F /* Base */,
			);
			name = Main.storyboard;
			sourceTree = "<group>";
		};
		18538F6B1C86C31B0092942F /* LaunchScreen.storyboard */ = {
			isa = PBXVariantGroup;
			children = (
				18538F6C1C86C31B0092942F /* Base */,
			);
			name = LaunchScreen.storyboard;
			sourceTree = "<group>";
		};
/* End PBXVariantGroup section */

/* Begin XCBuildConfiguration section */
		18538F6F1C86C31B0092942F /* Debug */ = {
			isa = XCBuildConfiguration;
			buildSettings = {
				ALWAYS_SEARCH_USER_PATHS = NO;
				CLANG_CXX_LANGUAGE_STANDARD = "gnu++0x";
				CLANG_CXX_LIBRARY = "libc++";
				CLANG_ENABLE_MODULES = YES;
				CLANG_ENABLE_OBJC_ARC = YES;
				CLANG_WARN_BOOL_CONVERSION = YES;
				CLANG_WARN_CONSTANT_CONVERSION = YES;
				CLANG_WARN_DIRECT_OBJC_ISA_USAGE = YES_ERROR;
				CLANG_WARN_EMPTY_BODY = YES;
				CLANG_WARN_ENUM_CONVERSION = YES;
				CLANG_WARN_INT_CONVERSION = YES;
				CLANG_WARN_OBJC_ROOT_CLASS = YES_ERROR;
				CLANG_WARN_UNREACHABLE_CODE = YES;
				CLANG_WARN__DUPLICATE_METHOD_MATCH = YES;
				"CODE_SIGN_IDENTITY[sdk=iphoneos*]" = "iPhone Developer";
				COPY_PHASE_STRIP = NO;
				DEBUG_INFORMATION_FORMAT = dwarf;
				ENABLE_STRICT_OBJC_MSGSEND = YES;
				ENABLE_TESTABILITY = YES;
				GCC_C_LANGUAGE_STANDARD = gnu99;
				GCC_DYNAMIC_NO_PIC = NO;
				GCC_NO_COMMON_BLOCKS = YES;
				GCC_OPTIMIZATION_LEVEL = 0;
				GCC_PREPROCESSOR_DEFINITIONS = (
					"DEBUG=1",
					"$(inherited)",
				);
				GCC_WARN_64_TO_32_BIT_CONVERSION = YES;
				GCC_WARN_ABOUT_RETURN_TYPE = YES_ERROR;
				GCC_WARN_UNDECLARED_SELECTOR = YES;
				GCC_WARN_UNINITIALIZED_AUTOS = YES_AGGRESSIVE;
				GCC_WARN_UNUSED_FUNCTION = YES;
				GCC_WARN_UNUSED_VARIABLE = YES;
				IPHONEOS_DEPLOYMENT_TARGET = 9.1;
				MTL_ENABLE_DEBUG_INFO = YES;
				ONLY_ACTIVE_ARCH = YES;
				SDKROOT = iphoneos;
			};
			name = Debug;
		};
		18538F701C86C31B0092942F /* Release */ = {
			isa = XCBuildConfiguration;
			buildSettings = {
				ALWAYS_SEARCH_USER_PATHS = NO;
				CLANG_CXX_LANGUAGE_STANDARD = "gnu++0x";
				CLANG_CXX_LIBRARY = "libc++";
				CLANG_ENABLE_MODULES = YES;
				CLANG_ENABLE_OBJC_ARC = YES;
				CLANG_WARN_BOOL_CONVERSION = YES;
				CLANG_WARN_CONSTANT_CONVERSION = YES;
				CLANG_WARN_DIRECT_OBJC_ISA_USAGE = YES_ERROR;
				CLANG_WARN_EMPTY_BODY = YES;
				CLANG_WARN_ENUM_CONVERSION = YES;
				CLANG_WARN_INT_CONVERSION = YES;
				CLANG_WARN_OBJC_ROOT_CLASS = YES_ERROR;
				CLANG_WARN_UNREACHABLE_CODE = YES;
				CLANG_WARN__DUPLICATE_METHOD_MATCH = YES;
				"CODE_SIGN_IDENTITY[sdk=iphoneos*]" = "iPhone Developer";
				COPY_PHASE_STRIP = NO;
				DEBUG_INFORMATION_FORMAT = "dwarf-with-dsym";
				ENABLE_NS_ASSERTIONS = NO;
				ENABLE_STRICT_OBJC_MSGSEND = YES;
				GCC_C_LANGUAGE_STANDARD = gnu99;
				GCC_NO_COMMON_BLOCKS = YES;
				GCC_WARN_64_TO_32_BIT_CONVERSION = YES;
				GCC_WARN_ABOUT_RETURN_TYPE = YES_ERROR;
				GCC_WARN_UNDECLARED_SELECTOR = YES;
				GCC_WARN_UNINITIALIZED_AUTOS = YES_AGGRESSIVE;
				GCC_WARN_UNUSED_FUNCTION = YES;
				GCC_WARN_UNUSED_VARIABLE = YES;
				IPHONEOS_DEPLOYMENT_TARGET = 9.1;
				MTL_ENABLE_DEBUG_INFO = NO;
				SDKROOT = iphoneos;
				VALIDATE_PRODUCT = YES;
			};
			name = Release;
		};
		18538F721C86C31B0092942F /* Debug */ = {
			isa = XCBuildConfiguration;
			buildSettings = {
				ASSETCATALOG_COMPILER_APPICON_NAME = AppIcon;
				INFOPLIST_FILE = RIVALS/Info.plist;
				LD_RUNPATH_SEARCH_PATHS = "$(inherited) @executable_path/Frameworks";
				PRODUCT_BUNDLE_IDENTIFIER = com.test.identifier.RIVALS;
				PRODUCT_NAME = "$(TARGET_NAME)";
			};
			name = Debug;
		};
		18538F731C86C31B0092942F /* Release */ = {
			isa = XCBuildConfiguration;
			buildSettings = {
				ASSETCATALOG_COMPILER_APPICON_NAME = AppIcon;
				INFOPLIST_FILE = RIVALS/Info.plist;
				LD_RUNPATH_SEARCH_PATHS = "$(inherited) @executable_path/Frameworks";
				PRODUCT_BUNDLE_IDENTIFIER = com.test.identifier.RIVALS;
				PRODUCT_NAME = "$(TARGET_NAME)";
			};
			name = Release;
		};
/* End XCBuildConfiguration section */

/* Begin XCConfigurationList section */
		18538F521C86C31B0092942F /* Build configuration list for PBXProject "RIVALS" */ = {
			isa = XCConfigurationList;
			buildConfigurations = (
				18538F6F1C86C31B0092942F /* Debug */,
				18538F701C86C31B0092942F /* Release */,
			);
			defaultConfigurationIsVisible = 0;
			defaultConfigurationName = Release;
		};
		18538F711C86C31B0092942F /* Build configuration list for PBXNativeTarget "RIVALS" */ = {
			isa = XCConfigurationList;
			buildConfigurations = (
				18538F721C86C31B0092942F /* Debug */,
				18538F731C86C31B0092942F /* Release */,
			);
			defaultConfigurationIsVisible = 0;
		};
/* End XCConfigurationList section */

/* Begin XCVersionGroup section */
		18538F661C86C31B0092942F /* RIVALS.xcdatamodeld */ = {
			isa = XCVersionGroup;
			children = (
				18538F671C86C31B0092942F /* RIVALS.xcdatamodel */,
			);
			currentVersion = 18538F671C86C31B0092942F /* RIVALS.xcdatamodel */;
			path = RIVALS.xcdatamodeld;
			sourceTree = "<group>";
			versionGroupType = wrapper.xcdatamodel;
		};
/* End XCVersionGroup section */
	};
	rootObject = 18538F4F1C86C31B0092942F /* Project object */;
}
